
Microsoft Visual Studio Solution File, Format Version 12.00
# Visual Studio Version 16
VisualStudioVersion = 16.0.29009.5
MinimumVisualStudioVersion = 10.0.40219.1
Project("{6EC3EE1D-3C4E-46DD-8F32-0CC8E7565705}") = "Azure.Functions.SimpleAuthProvider", "src\SimpleFunctionsAuthProvider\Azure.Functions.SimpleAuthProvider.fsproj", "{D9722631-088C-4631-BD01-891DC3CE815F}"
EndProject
Project("{6EC3EE1D-3C4E-46DD-8F32-0CC8E7565705}") = "Test.Function", "samples\Test.Function\Test.Function.fsproj", "{88D55C3F-7E5F-48CB-809B-FB03597DA3DB}"
EndProject
Project("{9A19103F-16F7-4668-BE54-9A1E7A4F7556}") = "Test.FunctionCSharp", "samples\Test.FunctionCSharp\Test.FunctionCSharp.csproj", "{BA788D24-CB8F-4FB0-89BE-30D983AA643E}"
EndProject
Project("{6EC3EE1D-3C4E-46DD-8F32-0CC8E7565705}") = "Azure.Functions.SimpleAuthProvider.Tests", "tests\SimpleFunctionsAuthProvider.Tests\Azure.Functions.SimpleAuthProvider.Tests.fsproj", "{96A1B45F-2D3A-40B7-AE8B-6ED7ADC205B2}"
EndProject
Project("{2150E333-8FDC-42A3-9474-1A3956D46DE8}") = "Samples", "Samples", "{03AEB449-7B2F-4207-9FD4-110B763BB9CF}"
EndProject
Project("{2150E333-8FDC-42A3-9474-1A3956D46DE8}") = "_Other", "_Other", "{E3D718EA-E6DD-4AA7-A139-1C7D880FC3A0}"
	ProjectSection(SolutionItems) = preProject
		build.fsx = build.fsx
		LICENSE = LICENSE
		paket.dependencies = paket.dependencies
		paket.lock = paket.lock
		README.md = README.md
		RELEASE_NOTES.md = RELEASE_NOTES.md
		webpack.config.js = webpack.config.js
		yarn.lock = yarn.lock
	EndProjectSection
EndProject
Project("{2150E333-8FDC-42A3-9474-1A3956D46DE8}") = "AdminTool", "AdminTool", "{1B087CFD-1C5D-486E-9CE9-D560EC763B27}"
EndProject
Project("{6EC3EE1D-3C4E-46DD-8F32-0CC8E7565705}") = "Admin.Client", "admintool\Admin.Client\Admin.Client.fsproj", "{2443A6AB-9375-473D-B304-6F8BA9125F38}"
EndProject
Project("{2150E333-8FDC-42A3-9474-1A3956D46DE8}") = "Tests", "Tests", "{E9C2738B-9067-4A8C-888E-B3A04B10990D}"
EndProject
Global
	GlobalSection(SolutionConfigurationPlatforms) = preSolution
		Debug|Any CPU = Debug|Any CPU
		Release|Any CPU = Release|Any CPU
	EndGlobalSection
	GlobalSection(ProjectConfigurationPlatforms) = postSolution
		{D9722631-088C-4631-BD01-891DC3CE815F}.Debug|Any CPU.ActiveCfg = Debug|Any CPU
		{D9722631-088C-4631-BD01-891DC3CE815F}.Debug|Any CPU.Build.0 = Debug|Any CPU
		{D9722631-088C-4631-BD01-891DC3CE815F}.Release|Any CPU.ActiveCfg = Release|Any CPU
		{D9722631-088C-4631-BD01-891DC3CE815F}.Release|Any CPU.Build.0 = Release|Any CPU
		{88D55C3F-7E5F-48CB-809B-FB03597DA3DB}.Debug|Any CPU.ActiveCfg = Debug|Any CPU
		{88D55C3F-7E5F-48CB-809B-FB03597DA3DB}.Debug|Any CPU.Build.0 = Debug|Any CPU
		{88D55C3F-7E5F-48CB-809B-FB03597DA3DB}.Release|Any CPU.ActiveCfg = Release|Any CPU
		{88D55C3F-7E5F-48CB-809B-FB03597DA3DB}.Release|Any CPU.Build.0 = Release|Any CPU
		{BA788D24-CB8F-4FB0-89BE-30D983AA643E}.Debug|Any CPU.ActiveCfg = Debug|Any CPU
		{BA788D24-CB8F-4FB0-89BE-30D983AA643E}.Debug|Any CPU.Build.0 = Debug|Any CPU
		{BA788D24-CB8F-4FB0-89BE-30D983AA643E}.Release|Any CPU.ActiveCfg = Release|Any CPU
		{BA788D24-CB8F-4FB0-89BE-30D983AA643E}.Release|Any CPU.Build.0 = Release|Any CPU
		{96A1B45F-2D3A-40B7-AE8B-6ED7ADC205B2}.Debug|Any CPU.ActiveCfg = Debug|Any CPU
		{96A1B45F-2D3A-40B7-AE8B-6ED7ADC205B2}.Debug|Any CPU.Build.0 = Debug|Any CPU
		{96A1B45F-2D3A-40B7-AE8B-6ED7ADC205B2}.Release|Any CPU.ActiveCfg = Release|Any CPU
		{96A1B45F-2D3A-40B7-AE8B-6ED7ADC205B2}.Release|Any CPU.Build.0 = Release|Any CPU
		{2443A6AB-9375-473D-B304-6F8BA9125F38}.Debug|Any CPU.ActiveCfg = Debug|Any CPU
		{2443A6AB-9375-473D-B304-6F8BA9125F38}.Debug|Any CPU.Build.0 = Debug|Any CPU
		{2443A6AB-9375-473D-B304-6F8BA9125F38}.Release|Any CPU.ActiveCfg = Release|Any CPU
		{2443A6AB-9375-473D-B304-6F8BA9125F38}.Release|Any CPU.Build.0 = Release|Any CPU
	EndGlobalSection
	GlobalSection(SolutionProperties) = preSolution
		HideSolutionNode = FALSE
	EndGlobalSection
	GlobalSection(NestedProjects) = preSolution
		{88D55C3F-7E5F-48CB-809B-FB03597DA3DB} = {03AEB449-7B2F-4207-9FD4-110B763BB9CF}
		{BA788D24-CB8F-4FB0-89BE-30D983AA643E} = {03AEB449-7B2F-4207-9FD4-110B763BB9CF}
		{96A1B45F-2D3A-40B7-AE8B-6ED7ADC205B2} = {E9C2738B-9067-4A8C-888E-B3A04B10990D}
		{2443A6AB-9375-473D-B304-6F8BA9125F38} = {1B087CFD-1C5D-486E-9CE9-D560EC763B27}
	EndGlobalSection
	GlobalSection(ExtensibilityGlobals) = postSolution
		SolutionGuid = {27228564-2DC5-448C-AC35-4F9D6C73ECAC}
	EndGlobalSection
EndGlobal
